
Microsoft Visual Studio Solution File, Format Version 12.00
# Visual Studio Version 17
VisualStudioVersion = 17.11.35222.181
MinimumVisualStudioVersion = 10.0.40219.1
Project("{2150E333-8FDC-42A3-9474-1A3956D46DE8}") = "FrontEnd", "FrontEnd", "{BCC5CE77-6F22-43ED-8EB9-0D7EE037A340}"
EndProject
Project("{2150E333-8FDC-42A3-9474-1A3956D46DE8}") = "Gateway", "Gateway", "{E947B4F9-7E58-4837-A9DA-D4B8C6E2EC00}"
EndProject
Project("{2150E333-8FDC-42A3-9474-1A3956D46DE8}") = "Integration", "Integration", "{595F3406-7951-418E-BAB8-33B004E4AFBD}"
EndProject
Project("{2150E333-8FDC-42A3-9474-1A3956D46DE8}") = "Services", "Services", "{A390E7A3-6EA7-4211-9309-EF174FE37053}"
EndProject
Project("{9A19103F-16F7-4668-BE54-9A1E7A4F7556}") = "MTOGO.Web", "MTOGO.Web\MTOGO.Web.csproj", "{A3085FF3-AE18-4262-B596-E2B297B6F159}"
EndProject
Project("{9A19103F-16F7-4668-BE54-9A1E7A4F7556}") = "MTOGO.GatewaySolution", "MTOGO.GatewaySolution\MTOGO.GatewaySolution.csproj", "{33A03193-4BC0-4CF1-939F-CC41F14714A1}"
EndProject
Project("{9A19103F-16F7-4668-BE54-9A1E7A4F7556}") = "MTOGO.MessageBus", "MTOGO.MessageBus\MTOGO.MessageBus.csproj", "{4E431755-B9ED-4DFC-9359-A4BDA557CD1F}"
EndProject
Project("{9A19103F-16F7-4668-BE54-9A1E7A4F7556}") = "MTOGO.Services.AuthAPI", "MTOGO.Services.AuthAPI\MTOGO.Services.AuthAPI.csproj", "{AACCFACF-4649-47D6-8F0B-778C81A158BA}"
EndProject
Project("{9A19103F-16F7-4668-BE54-9A1E7A4F7556}") = "MTOGO.Services.DataAccess", "MTOGO.Services.DataAccess\MTOGO.Services.DataAccess.csproj", "{C1292966-9F93-4CD4-84D9-56D8945F8037}"
EndProject
Project("{9A19103F-16F7-4668-BE54-9A1E7A4F7556}") = "MTOGO.Services.RestaurantAPI", "MTOGO.Services.RestaurantAPI\MTOGO.Services.RestaurantAPI.csproj", "{7C81DD88-2E7C-4697-84E4-52E6436D7940}"
EndProject
Project("{2150E333-8FDC-42A3-9474-1A3956D46DE8}") = "Tests", "Tests", "{6BD2B6CB-B708-4BD0-8D86-C212C6D06829}"
EndProject
Project("{FAE04EC0-301F-11D3-BF4B-00C04F79EFBC}") = "MTOGO.UnitTests", "MTOGO.UnitTests\MTOGO.UnitTests.csproj", "{97E6B81E-F362-49CC-A17E-B44D860D81F2}"
EndProject
Global
	GlobalSection(SolutionConfigurationPlatforms) = preSolution
		Debug|Any CPU = Debug|Any CPU
		Release|Any CPU = Release|Any CPU
	EndGlobalSection
	GlobalSection(ProjectConfigurationPlatforms) = postSolution
		{A3085FF3-AE18-4262-B596-E2B297B6F159}.Debug|Any CPU.ActiveCfg = Debug|Any CPU
		{A3085FF3-AE18-4262-B596-E2B297B6F159}.Debug|Any CPU.Build.0 = Debug|Any CPU
		{A3085FF3-AE18-4262-B596-E2B297B6F159}.Release|Any CPU.ActiveCfg = Release|Any CPU
		{A3085FF3-AE18-4262-B596-E2B297B6F159}.Release|Any CPU.Build.0 = Release|Any CPU
		{33A03193-4BC0-4CF1-939F-CC41F14714A1}.Debug|Any CPU.ActiveCfg = Debug|Any CPU
		{33A03193-4BC0-4CF1-939F-CC41F14714A1}.Debug|Any CPU.Build.0 = Debug|Any CPU
		{33A03193-4BC0-4CF1-939F-CC41F14714A1}.Release|Any CPU.ActiveCfg = Release|Any CPU
		{33A03193-4BC0-4CF1-939F-CC41F14714A1}.Release|Any CPU.Build.0 = Release|Any CPU
		{4E431755-B9ED-4DFC-9359-A4BDA557CD1F}.Debug|Any CPU.ActiveCfg = Debug|Any CPU
		{4E431755-B9ED-4DFC-9359-A4BDA557CD1F}.Debug|Any CPU.Build.0 = Debug|Any CPU
		{4E431755-B9ED-4DFC-9359-A4BDA557CD1F}.Release|Any CPU.ActiveCfg = Release|Any CPU
		{4E431755-B9ED-4DFC-9359-A4BDA557CD1F}.Release|Any CPU.Build.0 = Release|Any CPU
		{AACCFACF-4649-47D6-8F0B-778C81A158BA}.Debug|Any CPU.ActiveCfg = Debug|Any CPU
		{AACCFACF-4649-47D6-8F0B-778C81A158BA}.Debug|Any CPU.Build.0 = Debug|Any CPU
		{AACCFACF-4649-47D6-8F0B-778C81A158BA}.Release|Any CPU.ActiveCfg = Release|Any CPU
		{AACCFACF-4649-47D6-8F0B-778C81A158BA}.Release|Any CPU.Build.0 = Release|Any CPU
		{C1292966-9F93-4CD4-84D9-56D8945F8037}.Debug|Any CPU.ActiveCfg = Debug|Any CPU
		{C1292966-9F93-4CD4-84D9-56D8945F8037}.Debug|Any CPU.Build.0 = Debug|Any CPU
		{C1292966-9F93-4CD4-84D9-56D8945F8037}.Release|Any CPU.ActiveCfg = Release|Any CPU
		{C1292966-9F93-4CD4-84D9-56D8945F8037}.Release|Any CPU.Build.0 = Release|Any CPU
		{7C81DD88-2E7C-4697-84E4-52E6436D7940}.Debug|Any CPU.ActiveCfg = Debug|Any CPU
		{7C81DD88-2E7C-4697-84E4-52E6436D7940}.Debug|Any CPU.Build.0 = Debug|Any CPU
		{7C81DD88-2E7C-4697-84E4-52E6436D7940}.Release|Any CPU.ActiveCfg = Release|Any CPU
		{7C81DD88-2E7C-4697-84E4-52E6436D7940}.Release|Any CPU.Build.0 = Release|Any CPU
		{97E6B81E-F362-49CC-A17E-B44D860D81F2}.Debug|Any CPU.ActiveCfg = Debug|Any CPU
		{97E6B81E-F362-49CC-A17E-B44D860D81F2}.Debug|Any CPU.Build.0 = Debug|Any CPU
		{97E6B81E-F362-49CC-A17E-B44D860D81F2}.Release|Any CPU.ActiveCfg = Release|Any CPU
		{97E6B81E-F362-49CC-A17E-B44D860D81F2}.Release|Any CPU.Build.0 = Release|Any CPU
	EndGlobalSection
	GlobalSection(SolutionProperties) = preSolution
		HideSolutionNode = FALSE
	EndGlobalSection
	GlobalSection(NestedProjects) = preSolution
		{A3085FF3-AE18-4262-B596-E2B297B6F159} = {BCC5CE77-6F22-43ED-8EB9-0D7EE037A340}
		{33A03193-4BC0-4CF1-939F-CC41F14714A1} = {E947B4F9-7E58-4837-A9DA-D4B8C6E2EC00}
		{4E431755-B9ED-4DFC-9359-A4BDA557CD1F} = {595F3406-7951-418E-BAB8-33B004E4AFBD}
		{AACCFACF-4649-47D6-8F0B-778C81A158BA} = {A390E7A3-6EA7-4211-9309-EF174FE37053}
		{C1292966-9F93-4CD4-84D9-56D8945F8037} = {A390E7A3-6EA7-4211-9309-EF174FE37053}
		{7C81DD88-2E7C-4697-84E4-52E6436D7940} = {A390E7A3-6EA7-4211-9309-EF174FE37053}
		{97E6B81E-F362-49CC-A17E-B44D860D81F2} = {6BD2B6CB-B708-4BD0-8D86-C212C6D06829}
	EndGlobalSection
	GlobalSection(ExtensibilityGlobals) = postSolution
		SolutionGuid = {A08DEC7B-1D00-4C10-96E8-1929BA033DDA}
	EndGlobalSection
EndGlobal
