
Microsoft Visual Studio Solution File, Format Version 12.00
# Visual Studio Version 17
VisualStudioVersion = 17.11.35222.181
MinimumVisualStudioVersion = 10.0.40219.1
Project("{2150E333-8FDC-42A3-9474-1A3956D46DE8}") = "FrontEnd", "FrontEnd", "{BCC5CE77-6F22-43ED-8EB9-0D7EE037A340}"
EndProject
Project("{2150E333-8FDC-42A3-9474-1A3956D46DE8}") = "Gateway", "Gateway", "{E947B4F9-7E58-4837-A9DA-D4B8C6E2EC00}"
EndProject
Project("{2150E333-8FDC-42A3-9474-1A3956D46DE8}") = "Integration", "Integration", "{595F3406-7951-418E-BAB8-33B004E4AFBD}"
EndProject
Project("{2150E333-8FDC-42A3-9474-1A3956D46DE8}") = "Services", "Services", "{A390E7A3-6EA7-4211-9309-EF174FE37053}"
EndProject
Project("{9A19103F-16F7-4668-BE54-9A1E7A4F7556}") = "MTOGO.Web", "MTOGO.Web\MTOGO.Web.csproj", "{A3085FF3-AE18-4262-B596-E2B297B6F159}"
EndProject
Project("{9A19103F-16F7-4668-BE54-9A1E7A4F7556}") = "MTOGO.GatewaySolution", "MTOGO.GatewaySolution\MTOGO.GatewaySolution.csproj", "{33A03193-4BC0-4CF1-939F-CC41F14714A1}"
EndProject
Project("{9A19103F-16F7-4668-BE54-9A1E7A4F7556}") = "MTOGO.MessageBus", "MTOGO.MessageBus\MTOGO.MessageBus.csproj", "{4E431755-B9ED-4DFC-9359-A4BDA557CD1F}"
EndProject
Project("{9A19103F-16F7-4668-BE54-9A1E7A4F7556}") = "MTOGO.Services.AuthAPI", "MTOGO.Services.AuthAPI\MTOGO.Services.AuthAPI.csproj", "{AACCFACF-4649-47D6-8F0B-778C81A158BA}"
EndProject
Project("{9A19103F-16F7-4668-BE54-9A1E7A4F7556}") = "MTOGO.Services.DataAccess", "MTOGO.Services.DataAccess\MTOGO.Services.DataAccess.csproj", "{C1292966-9F93-4CD4-84D9-56D8945F8037}"
EndProject
Project("{9A19103F-16F7-4668-BE54-9A1E7A4F7556}") = "MTOGO.Services.RestaurantAPI", "MTOGO.Services.RestaurantAPI\MTOGO.Services.RestaurantAPI.csproj", "{7C81DD88-2E7C-4697-84E4-52E6436D7940}"
EndProject
Project("{2150E333-8FDC-42A3-9474-1A3956D46DE8}") = "Tests", "Tests", "{6BD2B6CB-B708-4BD0-8D86-C212C6D06829}"
EndProject
Project("{9A19103F-16F7-4668-BE54-9A1E7A4F7556}") = "MTOGO.UnitTests", "MTOGO.UnitTests\MTOGO.UnitTests.csproj", "{97E6B81E-F362-49CC-A17E-B44D860D81F2}"
EndProject
Project("{9A19103F-16F7-4668-BE54-9A1E7A4F7556}") = "MTOGO.Services.ShoppingCartAPI", "MTOGO.Services.ShoppingCartAPI\MTOGO.Services.ShoppingCartAPI.csproj", "{EFEC4B46-852E-4472-B1BB-DC5DEC2EE6D2}"
EndProject
Project("{9A19103F-16F7-4668-BE54-9A1E7A4F7556}") = "MTOGO.Services.OrderAPI", "MTOGO.Services.OrderAPI\MTOGO.Services.OrderAPI.csproj", "{829F55E0-B0E2-4425-A0F7-9231371BECA9}"
EndProject
Project("{9A19103F-16F7-4668-BE54-9A1E7A4F7556}") = "MTOGO.Services.ReviewAPI", "MTOGO.Services.ReviewAPI\MTOGO.Services.ReviewAPI.csproj", "{F6867BEA-001B-46F4-B76E-C686397A8B32}"
EndProject
Project("{9A19103F-16F7-4668-BE54-9A1E7A4F7556}") = "MTOGO.Services.SmsAPI", "MTOGO.Services.SmsAPI\MTOGO.Services.SmsAPI.csproj", "{883F361D-D416-41F1-B1E0-A5687987322F}"
EndProject
Project("{9A19103F-16F7-4668-BE54-9A1E7A4F7556}") = "MTOGO.Services.EmailAPI", "MTOGO.Services.EmailAPI\MTOGO.Services.EmailAPI.csproj", "{B1FD74D4-BB30-401C-AB6F-C099BD89270B}"
EndProject
Project("{E53339B2-1760-4266-BCC7-CA923CBCF16C}") = "docker-compose", "docker-compose.dcproj", "{3DE3A233-0275-46FB-99A1-49FC499D33A0}"
EndProject
Project("{2150E333-8FDC-42A3-9474-1A3956D46DE8}") = "Monitoring", "Monitoring", "{A86F2620-F480-4277-A0B0-FA1674F84883}"
EndProject
Project("{FAE04EC0-301F-11D3-BF4B-00C04F79EFBC}") = "MTOGO.Monitoring", "MTOGO.Monitoring\MTOGO.Monitoring.csproj", "{A07C74ED-1175-491F-A5CF-64CF4F96AF40}"
EndProject
Project("{FAE04EC0-301F-11D3-BF4B-00C04F79EFBC}") = "MTOGO.Services.DashboardAPI", "MTOGO.Services.DashboardAPI\MTOGO.Services.DashboardAPI.csproj", "{3E3155A7-FCE0-42C3-B0D5-EB767EB6B0A0}"
EndProject
Project("{FAE04EC0-301F-11D3-BF4B-00C04F79EFBC}") = "MTOGO.Services.DeliveryAPI", "MTOGO.Services.DeliveryAPI\MTOGO.Services.DeliveryAPI.csproj", "{B9865C40-65B2-486A-AE12-03CED3C5FADB}"
EndProject
Project("{FAE04EC0-301F-11D3-BF4B-00C04F79EFBC}") = "MTOGO.AcceptanceTests", "MTOGO.AcceptanceTests\MTOGO.AcceptanceTests.csproj", "{41B94A0B-8C24-48FD-B5DA-689A534B0645}"
EndProject
Project("{FAE04EC0-301F-11D3-BF4B-00C04F79EFBC}") = "MTOGO.SystemTests", "MTOGO.SystemTests\MTOGO.SystemTests.csproj", "{43B36447-5ADC-4C47-BCDA-A08A1D1C0B16}"
EndProject
Project("{FAE04EC0-301F-11D3-BF4B-00C04F79EFBC}") = "MTOGO.IntegrationTests", "MTOGO.IntegrationTests\MTOGO.IntegrationTests.csproj", "{BF110C4C-4AEB-4930-A2B8-D55671CC8745}"
EndProject
Global
	GlobalSection(SolutionConfigurationPlatforms) = preSolution
		Debug|Any CPU = Debug|Any CPU
		Release|Any CPU = Release|Any CPU
	EndGlobalSection
	GlobalSection(ProjectConfigurationPlatforms) = postSolution
		{A3085FF3-AE18-4262-B596-E2B297B6F159}.Debug|Any CPU.ActiveCfg = Debug|Any CPU
		{A3085FF3-AE18-4262-B596-E2B297B6F159}.Debug|Any CPU.Build.0 = Debug|Any CPU
		{A3085FF3-AE18-4262-B596-E2B297B6F159}.Release|Any CPU.ActiveCfg = Release|Any CPU
		{A3085FF3-AE18-4262-B596-E2B297B6F159}.Release|Any CPU.Build.0 = Release|Any CPU
		{33A03193-4BC0-4CF1-939F-CC41F14714A1}.Debug|Any CPU.ActiveCfg = Debug|Any CPU
		{33A03193-4BC0-4CF1-939F-CC41F14714A1}.Debug|Any CPU.Build.0 = Debug|Any CPU
		{33A03193-4BC0-4CF1-939F-CC41F14714A1}.Release|Any CPU.ActiveCfg = Release|Any CPU
		{33A03193-4BC0-4CF1-939F-CC41F14714A1}.Release|Any CPU.Build.0 = Release|Any CPU
		{4E431755-B9ED-4DFC-9359-A4BDA557CD1F}.Debug|Any CPU.ActiveCfg = Debug|Any CPU
		{4E431755-B9ED-4DFC-9359-A4BDA557CD1F}.Debug|Any CPU.Build.0 = Debug|Any CPU
		{4E431755-B9ED-4DFC-9359-A4BDA557CD1F}.Release|Any CPU.ActiveCfg = Release|Any CPU
		{4E431755-B9ED-4DFC-9359-A4BDA557CD1F}.Release|Any CPU.Build.0 = Release|Any CPU
		{AACCFACF-4649-47D6-8F0B-778C81A158BA}.Debug|Any CPU.ActiveCfg = Debug|Any CPU
		{AACCFACF-4649-47D6-8F0B-778C81A158BA}.Debug|Any CPU.Build.0 = Debug|Any CPU
		{AACCFACF-4649-47D6-8F0B-778C81A158BA}.Release|Any CPU.ActiveCfg = Release|Any CPU
		{AACCFACF-4649-47D6-8F0B-778C81A158BA}.Release|Any CPU.Build.0 = Release|Any CPU
		{C1292966-9F93-4CD4-84D9-56D8945F8037}.Debug|Any CPU.ActiveCfg = Debug|Any CPU
		{C1292966-9F93-4CD4-84D9-56D8945F8037}.Debug|Any CPU.Build.0 = Debug|Any CPU
		{C1292966-9F93-4CD4-84D9-56D8945F8037}.Release|Any CPU.ActiveCfg = Release|Any CPU
		{C1292966-9F93-4CD4-84D9-56D8945F8037}.Release|Any CPU.Build.0 = Release|Any CPU
		{7C81DD88-2E7C-4697-84E4-52E6436D7940}.Debug|Any CPU.ActiveCfg = Debug|Any CPU
		{7C81DD88-2E7C-4697-84E4-52E6436D7940}.Debug|Any CPU.Build.0 = Debug|Any CPU
		{7C81DD88-2E7C-4697-84E4-52E6436D7940}.Release|Any CPU.ActiveCfg = Release|Any CPU
		{7C81DD88-2E7C-4697-84E4-52E6436D7940}.Release|Any CPU.Build.0 = Release|Any CPU
		{97E6B81E-F362-49CC-A17E-B44D860D81F2}.Debug|Any CPU.ActiveCfg = Debug|Any CPU
		{97E6B81E-F362-49CC-A17E-B44D860D81F2}.Debug|Any CPU.Build.0 = Debug|Any CPU
		{97E6B81E-F362-49CC-A17E-B44D860D81F2}.Release|Any CPU.ActiveCfg = Release|Any CPU
		{97E6B81E-F362-49CC-A17E-B44D860D81F2}.Release|Any CPU.Build.0 = Release|Any CPU
		{EFEC4B46-852E-4472-B1BB-DC5DEC2EE6D2}.Debug|Any CPU.ActiveCfg = Debug|Any CPU
		{EFEC4B46-852E-4472-B1BB-DC5DEC2EE6D2}.Debug|Any CPU.Build.0 = Debug|Any CPU
		{EFEC4B46-852E-4472-B1BB-DC5DEC2EE6D2}.Release|Any CPU.ActiveCfg = Release|Any CPU
		{EFEC4B46-852E-4472-B1BB-DC5DEC2EE6D2}.Release|Any CPU.Build.0 = Release|Any CPU
		{829F55E0-B0E2-4425-A0F7-9231371BECA9}.Debug|Any CPU.ActiveCfg = Debug|Any CPU
		{829F55E0-B0E2-4425-A0F7-9231371BECA9}.Debug|Any CPU.Build.0 = Debug|Any CPU
		{829F55E0-B0E2-4425-A0F7-9231371BECA9}.Release|Any CPU.ActiveCfg = Release|Any CPU
		{829F55E0-B0E2-4425-A0F7-9231371BECA9}.Release|Any CPU.Build.0 = Release|Any CPU
		{F6867BEA-001B-46F4-B76E-C686397A8B32}.Debug|Any CPU.ActiveCfg = Debug|Any CPU
		{F6867BEA-001B-46F4-B76E-C686397A8B32}.Debug|Any CPU.Build.0 = Debug|Any CPU
		{F6867BEA-001B-46F4-B76E-C686397A8B32}.Release|Any CPU.ActiveCfg = Release|Any CPU
		{F6867BEA-001B-46F4-B76E-C686397A8B32}.Release|Any CPU.Build.0 = Release|Any CPU
		{883F361D-D416-41F1-B1E0-A5687987322F}.Debug|Any CPU.ActiveCfg = Debug|Any CPU
		{883F361D-D416-41F1-B1E0-A5687987322F}.Debug|Any CPU.Build.0 = Debug|Any CPU
		{883F361D-D416-41F1-B1E0-A5687987322F}.Release|Any CPU.ActiveCfg = Release|Any CPU
		{883F361D-D416-41F1-B1E0-A5687987322F}.Release|Any CPU.Build.0 = Release|Any CPU
		{B1FD74D4-BB30-401C-AB6F-C099BD89270B}.Debug|Any CPU.ActiveCfg = Debug|Any CPU
		{B1FD74D4-BB30-401C-AB6F-C099BD89270B}.Debug|Any CPU.Build.0 = Debug|Any CPU
		{B1FD74D4-BB30-401C-AB6F-C099BD89270B}.Release|Any CPU.ActiveCfg = Release|Any CPU
		{B1FD74D4-BB30-401C-AB6F-C099BD89270B}.Release|Any CPU.Build.0 = Release|Any CPU
		{3DE3A233-0275-46FB-99A1-49FC499D33A0}.Debug|Any CPU.ActiveCfg = Debug|Any CPU
		{3DE3A233-0275-46FB-99A1-49FC499D33A0}.Debug|Any CPU.Build.0 = Debug|Any CPU
		{3DE3A233-0275-46FB-99A1-49FC499D33A0}.Release|Any CPU.ActiveCfg = Release|Any CPU
		{3DE3A233-0275-46FB-99A1-49FC499D33A0}.Release|Any CPU.Build.0 = Release|Any CPU
		{A07C74ED-1175-491F-A5CF-64CF4F96AF40}.Debug|Any CPU.ActiveCfg = Debug|Any CPU
		{A07C74ED-1175-491F-A5CF-64CF4F96AF40}.Debug|Any CPU.Build.0 = Debug|Any CPU
		{A07C74ED-1175-491F-A5CF-64CF4F96AF40}.Release|Any CPU.ActiveCfg = Release|Any CPU
		{A07C74ED-1175-491F-A5CF-64CF4F96AF40}.Release|Any CPU.Build.0 = Release|Any CPU
		{3E3155A7-FCE0-42C3-B0D5-EB767EB6B0A0}.Debug|Any CPU.ActiveCfg = Debug|Any CPU
		{3E3155A7-FCE0-42C3-B0D5-EB767EB6B0A0}.Debug|Any CPU.Build.0 = Debug|Any CPU
		{3E3155A7-FCE0-42C3-B0D5-EB767EB6B0A0}.Release|Any CPU.ActiveCfg = Release|Any CPU
		{3E3155A7-FCE0-42C3-B0D5-EB767EB6B0A0}.Release|Any CPU.Build.0 = Release|Any CPU
		{B9865C40-65B2-486A-AE12-03CED3C5FADB}.Debug|Any CPU.ActiveCfg = Debug|Any CPU
		{B9865C40-65B2-486A-AE12-03CED3C5FADB}.Debug|Any CPU.Build.0 = Debug|Any CPU
		{B9865C40-65B2-486A-AE12-03CED3C5FADB}.Release|Any CPU.ActiveCfg = Release|Any CPU
		{B9865C40-65B2-486A-AE12-03CED3C5FADB}.Release|Any CPU.Build.0 = Release|Any CPU
		{41B94A0B-8C24-48FD-B5DA-689A534B0645}.Debug|Any CPU.ActiveCfg = Debug|Any CPU
		{41B94A0B-8C24-48FD-B5DA-689A534B0645}.Debug|Any CPU.Build.0 = Debug|Any CPU
		{41B94A0B-8C24-48FD-B5DA-689A534B0645}.Release|Any CPU.ActiveCfg = Release|Any CPU
		{41B94A0B-8C24-48FD-B5DA-689A534B0645}.Release|Any CPU.Build.0 = Release|Any CPU
		{43B36447-5ADC-4C47-BCDA-A08A1D1C0B16}.Debug|Any CPU.ActiveCfg = Debug|Any CPU
		{43B36447-5ADC-4C47-BCDA-A08A1D1C0B16}.Debug|Any CPU.Build.0 = Debug|Any CPU
		{43B36447-5ADC-4C47-BCDA-A08A1D1C0B16}.Release|Any CPU.ActiveCfg = Release|Any CPU
		{43B36447-5ADC-4C47-BCDA-A08A1D1C0B16}.Release|Any CPU.Build.0 = Release|Any CPU
		{BF110C4C-4AEB-4930-A2B8-D55671CC8745}.Debug|Any CPU.ActiveCfg = Debug|Any CPU
		{BF110C4C-4AEB-4930-A2B8-D55671CC8745}.Debug|Any CPU.Build.0 = Debug|Any CPU
		{BF110C4C-4AEB-4930-A2B8-D55671CC8745}.Release|Any CPU.ActiveCfg = Release|Any CPU
		{BF110C4C-4AEB-4930-A2B8-D55671CC8745}.Release|Any CPU.Build.0 = Release|Any CPU
	EndGlobalSection
	GlobalSection(SolutionProperties) = preSolution
		HideSolutionNode = FALSE
	EndGlobalSection
	GlobalSection(NestedProjects) = preSolution
		{A3085FF3-AE18-4262-B596-E2B297B6F159} = {BCC5CE77-6F22-43ED-8EB9-0D7EE037A340}
		{33A03193-4BC0-4CF1-939F-CC41F14714A1} = {E947B4F9-7E58-4837-A9DA-D4B8C6E2EC00}
		{4E431755-B9ED-4DFC-9359-A4BDA557CD1F} = {595F3406-7951-418E-BAB8-33B004E4AFBD}
		{AACCFACF-4649-47D6-8F0B-778C81A158BA} = {A390E7A3-6EA7-4211-9309-EF174FE37053}
		{C1292966-9F93-4CD4-84D9-56D8945F8037} = {A390E7A3-6EA7-4211-9309-EF174FE37053}
		{7C81DD88-2E7C-4697-84E4-52E6436D7940} = {A390E7A3-6EA7-4211-9309-EF174FE37053}
		{97E6B81E-F362-49CC-A17E-B44D860D81F2} = {6BD2B6CB-B708-4BD0-8D86-C212C6D06829}
		{EFEC4B46-852E-4472-B1BB-DC5DEC2EE6D2} = {A390E7A3-6EA7-4211-9309-EF174FE37053}
		{829F55E0-B0E2-4425-A0F7-9231371BECA9} = {A390E7A3-6EA7-4211-9309-EF174FE37053}
		{F6867BEA-001B-46F4-B76E-C686397A8B32} = {A390E7A3-6EA7-4211-9309-EF174FE37053}
		{883F361D-D416-41F1-B1E0-A5687987322F} = {A390E7A3-6EA7-4211-9309-EF174FE37053}
		{B1FD74D4-BB30-401C-AB6F-C099BD89270B} = {A390E7A3-6EA7-4211-9309-EF174FE37053}
		{A07C74ED-1175-491F-A5CF-64CF4F96AF40} = {A86F2620-F480-4277-A0B0-FA1674F84883}
		{3E3155A7-FCE0-42C3-B0D5-EB767EB6B0A0} = {A390E7A3-6EA7-4211-9309-EF174FE37053}
		{B9865C40-65B2-486A-AE12-03CED3C5FADB} = {A390E7A3-6EA7-4211-9309-EF174FE37053}
		{41B94A0B-8C24-48FD-B5DA-689A534B0645} = {6BD2B6CB-B708-4BD0-8D86-C212C6D06829}
		{43B36447-5ADC-4C47-BCDA-A08A1D1C0B16} = {6BD2B6CB-B708-4BD0-8D86-C212C6D06829}
		{BF110C4C-4AEB-4930-A2B8-D55671CC8745} = {6BD2B6CB-B708-4BD0-8D86-C212C6D06829}
	EndGlobalSection
	GlobalSection(ExtensibilityGlobals) = postSolution
		SolutionGuid = {A08DEC7B-1D00-4C10-96E8-1929BA033DDA}
	EndGlobalSection
EndGlobal
